// !$*UTF8*$!
{
	archiveVersion = 1;
	classes = {
	};
	objectVersion = 51;
	objects = {

/* Begin PBXBuildFile section */
		C8044D1924B23706000C5E55 /* RegionsResponseModel.swift in Sources */ = {isa = PBXBuildFile; fileRef = C8044D1824B23706000C5E55 /* RegionsResponseModel.swift */; };
		C8044D1B24B23AF1000C5E55 /* RegionsViewModel.swift in Sources */ = {isa = PBXBuildFile; fileRef = C8044D1A24B23AF1000C5E55 /* RegionsViewModel.swift */; };
		C8044D1D24B25042000C5E55 /* RegionsInfoResponseModel.swift in Sources */ = {isa = PBXBuildFile; fileRef = C8044D1C24B25042000C5E55 /* RegionsInfoResponseModel.swift */; };
		C8044D1F24B252E9000C5E55 /* PokedexResponseModel.swift in Sources */ = {isa = PBXBuildFile; fileRef = C8044D1E24B252E9000C5E55 /* PokedexResponseModel.swift */; };
		C8044D2124B2555B000C5E55 /* PokemonsViewModel.swift in Sources */ = {isa = PBXBuildFile; fileRef = C8044D2024B2555B000C5E55 /* PokemonsViewModel.swift */; };
		C8044D2324B27081000C5E55 /* PokemonsViewControllerDelegate.swift in Sources */ = {isa = PBXBuildFile; fileRef = C8044D2224B27081000C5E55 /* PokemonsViewControllerDelegate.swift */; };
		C8044D2524B2796D000C5E55 /* BaseViewController.swift in Sources */ = {isa = PBXBuildFile; fileRef = C8044D2424B2796D000C5E55 /* BaseViewController.swift */; };
		C820A7B023FCD1A8002EC875 /* RegionsViewControllerDelegate.swift in Sources */ = {isa = PBXBuildFile; fileRef = C820A7AF23FCD1A8002EC875 /* RegionsViewControllerDelegate.swift */; };
		C855AABA24B1403B0038E69B /* RegionsViewDelegate.swift in Sources */ = {isa = PBXBuildFile; fileRef = C855AAB924B1403B0038E69B /* RegionsViewDelegate.swift */; };
		C855AABD24B16E370038E69B /* Extensions.swift in Sources */ = {isa = PBXBuildFile; fileRef = C855AABC24B16E370038E69B /* Extensions.swift */; };
		C88C25DB240AA83000CFAEA7 /* PokemonServices.swift in Sources */ = {isa = PBXBuildFile; fileRef = C88C25DA240AA83000CFAEA7 /* PokemonServices.swift */; };
		C88C25DE240AAA9400CFAEA7 /* PokemonDetailViewController.swift in Sources */ = {isa = PBXBuildFile; fileRef = C88C25DD240AAA9400CFAEA7 /* PokemonDetailViewController.swift */; };
		C8AB51DB23F258BF00B0EF2E /* PokemonsViewController.swift in Sources */ = {isa = PBXBuildFile; fileRef = C8AB51DA23F258BF00B0EF2E /* PokemonsViewController.swift */; };
		C8B32AA223ECE84400665B98 /* PokemonResponse.swift in Sources */ = {isa = PBXBuildFile; fileRef = C8B32AA123ECE84400665B98 /* PokemonResponse.swift */; };
		C8B6B3FF24B2328C006A3346 /* PokemonsProvider.swift in Sources */ = {isa = PBXBuildFile; fileRef = C8B6B3FE24B2328C006A3346 /* PokemonsProvider.swift */; };
		C8B892DA23AECE7A00C46A69 /* RequestPlugin.swift in Sources */ = {isa = PBXBuildFile; fileRef = C8B892D923AECE7A00C46A69 /* RequestPlugin.swift */; };
		C8B892DC23AED14600C46A69 /* Colors.xcassets in Resources */ = {isa = PBXBuildFile; fileRef = C8B892DB23AED14600C46A69 /* Colors.xcassets */; };
		C8B892DE23AED16100C46A69 /* Icons.xcassets in Resources */ = {isa = PBXBuildFile; fileRef = C8B892DD23AED16100C46A69 /* Icons.xcassets */; };
		C8B892E123AED1A000C46A69 /* Localizable.strings in Sources */ = {isa = PBXBuildFile; fileRef = C8B892E023AED1A000C46A69 /* Localizable.strings */; };
		C8B892E723AED43400C46A69 /* K.swift in Sources */ = {isa = PBXBuildFile; fileRef = C8B892E623AED43400C46A69 /* K.swift */; };
		C8D2399123FCE784004B409E /* PokemonsCollectionViewCell.swift in Sources */ = {isa = PBXBuildFile; fileRef = C8D2398F23FCE784004B409E /* PokemonsCollectionViewCell.swift */; };
		C8D2399223FCE784004B409E /* PokemonsCollectionViewCell.xib in Resources */ = {isa = PBXBuildFile; fileRef = C8D2399023FCE784004B409E /* PokemonsCollectionViewCell.xib */; };
		C8D2399423FCEAC7004B409E /* PokemonsViewControllerCollectionDataSource.swift in Sources */ = {isa = PBXBuildFile; fileRef = C8D2399323FCEAC7004B409E /* PokemonsViewControllerCollectionDataSource.swift */; };
		C8D239A123FE1CFB004B409E /* PokemonsViewController.storyboard in Resources */ = {isa = PBXBuildFile; fileRef = C8D239A023FE1CFB004B409E /* PokemonsViewController.storyboard */; };
		C8DC40A222F6688A007E7151 /* AppDelegate.swift in Sources */ = {isa = PBXBuildFile; fileRef = C8DC40A122F6688A007E7151 /* AppDelegate.swift */; };
		C8DC40AB22F6688B007E7151 /* Base.xcassets in Resources */ = {isa = PBXBuildFile; fileRef = C8DC40AA22F6688B007E7151 /* Base.xcassets */; };
		C8DC40AE22F6688B007E7151 /* LaunchScreen.storyboard in Resources */ = {isa = PBXBuildFile; fileRef = C8DC40AC22F6688B007E7151 /* LaunchScreen.storyboard */; };
		C8E7FE1723EF60FF006D1C05 /* ApplicationCoordinator.swift in Sources */ = {isa = PBXBuildFile; fileRef = C8E7FE1623EF60FF006D1C05 /* ApplicationCoordinator.swift */; };
		C8E7FE1A23EF61EB006D1C05 /* Coordinator.swift in Sources */ = {isa = PBXBuildFile; fileRef = C8E7FE1923EF61EB006D1C05 /* Coordinator.swift */; };
		C8E7FE1C23EF622D006D1C05 /* WelcomeCoordinator.swift in Sources */ = {isa = PBXBuildFile; fileRef = C8E7FE1B23EF622D006D1C05 /* WelcomeCoordinator.swift */; };
		C8E7FE1F23EF677E006D1C05 /* L10n.swift in Sources */ = {isa = PBXBuildFile; fileRef = C8E7FE1D23EF677E006D1C05 /* L10n.swift */; };
		C8E7FE2023EF677E006D1C05 /* R.swift in Sources */ = {isa = PBXBuildFile; fileRef = C8E7FE1E23EF677E006D1C05 /* R.swift */; };
		C8E7FE2323EF699D006D1C05 /* NSMutableAttributedString+helpers.swift in Sources */ = {isa = PBXBuildFile; fileRef = C8E7FE2223EF699D006D1C05 /* NSMutableAttributedString+helpers.swift */; };
		C8E7FE2A23F19A2B006D1C05 /* RegionsTableViewCell.swift in Sources */ = {isa = PBXBuildFile; fileRef = C8E7FE2823F19A2B006D1C05 /* RegionsTableViewCell.swift */; };
		C8E7FE2B23F19A2B006D1C05 /* RegionsTableViewCell.xib in Resources */ = {isa = PBXBuildFile; fileRef = C8E7FE2923F19A2B006D1C05 /* RegionsTableViewCell.xib */; };
		C8E7FE2D23F19F40006D1C05 /* RegionsViewController.swift in Sources */ = {isa = PBXBuildFile; fileRef = C8E7FE2C23F19F40006D1C05 /* RegionsViewController.swift */; };
		C8E7FE2F23F19F6B006D1C05 /* RegionsViewControllerTableDataSource.swift in Sources */ = {isa = PBXBuildFile; fileRef = C8E7FE2E23F19F6B006D1C05 /* RegionsViewControllerTableDataSource.swift */; };
		C8E7FE3123F1A05A006D1C05 /* RegionsViewControllerTableDelegate.swift in Sources */ = {isa = PBXBuildFile; fileRef = C8E7FE3023F1A05A006D1C05 /* RegionsViewControllerTableDelegate.swift */; };
		CD785F3AD7942C243533F27D /* Pods_PokemonApp.framework in Frameworks */ = {isa = PBXBuildFile; fileRef = 31CC2C939C0111A10D18D447 /* Pods_PokemonApp.framework */; };
/* End PBXBuildFile section */

/* Begin PBXFileReference section */
		31CC2C939C0111A10D18D447 /* Pods_PokemonApp.framework */ = {isa = PBXFileReference; explicitFileType = wrapper.framework; includeInIndex = 0; path = Pods_PokemonApp.framework; sourceTree = BUILT_PRODUCTS_DIR; };
		66555221714D0DF10B29FD5E /* Pods-PokemonApp.debug.xcconfig */ = {isa = PBXFileReference; includeInIndex = 1; lastKnownFileType = text.xcconfig; name = "Pods-PokemonApp.debug.xcconfig"; path = "Target Support Files/Pods-PokemonApp/Pods-PokemonApp.debug.xcconfig"; sourceTree = "<group>"; };
		726B7EA3D593292A0D344A20 /* Pods-PokemonApp.release.xcconfig */ = {isa = PBXFileReference; includeInIndex = 1; lastKnownFileType = text.xcconfig; name = "Pods-PokemonApp.release.xcconfig"; path = "Target Support Files/Pods-PokemonApp/Pods-PokemonApp.release.xcconfig"; sourceTree = "<group>"; };
		C8044D1824B23706000C5E55 /* RegionsResponseModel.swift */ = {isa = PBXFileReference; lastKnownFileType = sourcecode.swift; path = RegionsResponseModel.swift; sourceTree = "<group>"; };
		C8044D1A24B23AF1000C5E55 /* RegionsViewModel.swift */ = {isa = PBXFileReference; lastKnownFileType = sourcecode.swift; path = RegionsViewModel.swift; sourceTree = "<group>"; };
		C8044D1C24B25042000C5E55 /* RegionsInfoResponseModel.swift */ = {isa = PBXFileReference; lastKnownFileType = sourcecode.swift; path = RegionsInfoResponseModel.swift; sourceTree = "<group>"; };
		C8044D1E24B252E9000C5E55 /* PokedexResponseModel.swift */ = {isa = PBXFileReference; lastKnownFileType = sourcecode.swift; path = PokedexResponseModel.swift; sourceTree = "<group>"; };
		C8044D2024B2555B000C5E55 /* PokemonsViewModel.swift */ = {isa = PBXFileReference; lastKnownFileType = sourcecode.swift; path = PokemonsViewModel.swift; sourceTree = "<group>"; };
		C8044D2224B27081000C5E55 /* PokemonsViewControllerDelegate.swift */ = {isa = PBXFileReference; lastKnownFileType = sourcecode.swift; path = PokemonsViewControllerDelegate.swift; sourceTree = "<group>"; };
		C8044D2424B2796D000C5E55 /* BaseViewController.swift */ = {isa = PBXFileReference; lastKnownFileType = sourcecode.swift; path = BaseViewController.swift; sourceTree = "<group>"; };
		C820A7AF23FCD1A8002EC875 /* RegionsViewControllerDelegate.swift */ = {isa = PBXFileReference; lastKnownFileType = sourcecode.swift; path = RegionsViewControllerDelegate.swift; sourceTree = "<group>"; };
		C855AAB924B1403B0038E69B /* RegionsViewDelegate.swift */ = {isa = PBXFileReference; lastKnownFileType = sourcecode.swift; path = RegionsViewDelegate.swift; sourceTree = "<group>"; };
		C855AABC24B16E370038E69B /* Extensions.swift */ = {isa = PBXFileReference; lastKnownFileType = sourcecode.swift; path = Extensions.swift; sourceTree = "<group>"; };
		C88C25DA240AA83000CFAEA7 /* PokemonServices.swift */ = {isa = PBXFileReference; lastKnownFileType = sourcecode.swift; path = PokemonServices.swift; sourceTree = "<group>"; };
		C88C25DD240AAA9400CFAEA7 /* PokemonDetailViewController.swift */ = {isa = PBXFileReference; lastKnownFileType = sourcecode.swift; path = PokemonDetailViewController.swift; sourceTree = "<group>"; };
		C8AB51DA23F258BF00B0EF2E /* PokemonsViewController.swift */ = {isa = PBXFileReference; lastKnownFileType = sourcecode.swift; path = PokemonsViewController.swift; sourceTree = "<group>"; };
		C8B32AA123ECE84400665B98 /* PokemonResponse.swift */ = {isa = PBXFileReference; lastKnownFileType = sourcecode.swift; path = PokemonResponse.swift; sourceTree = "<group>"; };
		C8B6B3FE24B2328C006A3346 /* PokemonsProvider.swift */ = {isa = PBXFileReference; lastKnownFileType = sourcecode.swift; path = PokemonsProvider.swift; sourceTree = "<group>"; };
		C8B892D923AECE7A00C46A69 /* RequestPlugin.swift */ = {isa = PBXFileReference; lastKnownFileType = sourcecode.swift; path = RequestPlugin.swift; sourceTree = "<group>"; };
		C8B892DB23AED14600C46A69 /* Colors.xcassets */ = {isa = PBXFileReference; lastKnownFileType = folder.assetcatalog; path = Colors.xcassets; sourceTree = "<group>"; };
		C8B892DD23AED16100C46A69 /* Icons.xcassets */ = {isa = PBXFileReference; lastKnownFileType = folder.assetcatalog; path = Icons.xcassets; sourceTree = "<group>"; };
		C8B892E023AED1A000C46A69 /* Localizable.strings */ = {isa = PBXFileReference; lastKnownFileType = text.plist.strings; path = Localizable.strings; sourceTree = "<group>"; };
		C8B892E623AED43400C46A69 /* K.swift */ = {isa = PBXFileReference; fileEncoding = 4; lastKnownFileType = sourcecode.swift; path = K.swift; sourceTree = "<group>"; };
		C8D2398F23FCE784004B409E /* PokemonsCollectionViewCell.swift */ = {isa = PBXFileReference; lastKnownFileType = sourcecode.swift; path = PokemonsCollectionViewCell.swift; sourceTree = "<group>"; };
		C8D2399023FCE784004B409E /* PokemonsCollectionViewCell.xib */ = {isa = PBXFileReference; lastKnownFileType = file.xib; path = PokemonsCollectionViewCell.xib; sourceTree = "<group>"; };
		C8D2399323FCEAC7004B409E /* PokemonsViewControllerCollectionDataSource.swift */ = {isa = PBXFileReference; lastKnownFileType = sourcecode.swift; path = PokemonsViewControllerCollectionDataSource.swift; sourceTree = "<group>"; };
		C8D239A023FE1CFB004B409E /* PokemonsViewController.storyboard */ = {isa = PBXFileReference; lastKnownFileType = file.storyboard; path = PokemonsViewController.storyboard; sourceTree = "<group>"; };
		C8DC409E22F6688A007E7151 /* PokemonApp.app */ = {isa = PBXFileReference; explicitFileType = wrapper.application; includeInIndex = 0; path = PokemonApp.app; sourceTree = BUILT_PRODUCTS_DIR; };
		C8DC40A122F6688A007E7151 /* AppDelegate.swift */ = {isa = PBXFileReference; lastKnownFileType = sourcecode.swift; path = AppDelegate.swift; sourceTree = "<group>"; };
		C8DC40AA22F6688B007E7151 /* Base.xcassets */ = {isa = PBXFileReference; lastKnownFileType = folder.assetcatalog; path = Base.xcassets; sourceTree = "<group>"; };
		C8DC40AD22F6688B007E7151 /* Base */ = {isa = PBXFileReference; lastKnownFileType = file.storyboard; name = Base; path = Base.lproj/LaunchScreen.storyboard; sourceTree = "<group>"; };
		C8DC40AF22F6688B007E7151 /* Info.plist */ = {isa = PBXFileReference; lastKnownFileType = text.plist.xml; path = Info.plist; sourceTree = "<group>"; };
		C8E7FE1623EF60FF006D1C05 /* ApplicationCoordinator.swift */ = {isa = PBXFileReference; lastKnownFileType = sourcecode.swift; path = ApplicationCoordinator.swift; sourceTree = "<group>"; };
		C8E7FE1923EF61EB006D1C05 /* Coordinator.swift */ = {isa = PBXFileReference; lastKnownFileType = sourcecode.swift; path = Coordinator.swift; sourceTree = "<group>"; };
		C8E7FE1B23EF622D006D1C05 /* WelcomeCoordinator.swift */ = {isa = PBXFileReference; lastKnownFileType = sourcecode.swift; path = WelcomeCoordinator.swift; sourceTree = "<group>"; };
		C8E7FE1D23EF677E006D1C05 /* L10n.swift */ = {isa = PBXFileReference; fileEncoding = 4; lastKnownFileType = sourcecode.swift; path = L10n.swift; sourceTree = "<group>"; };
		C8E7FE1E23EF677E006D1C05 /* R.swift */ = {isa = PBXFileReference; fileEncoding = 4; lastKnownFileType = sourcecode.swift; path = R.swift; sourceTree = "<group>"; };
		C8E7FE2223EF699D006D1C05 /* NSMutableAttributedString+helpers.swift */ = {isa = PBXFileReference; lastKnownFileType = sourcecode.swift; path = "NSMutableAttributedString+helpers.swift"; sourceTree = "<group>"; };
		C8E7FE2823F19A2B006D1C05 /* RegionsTableViewCell.swift */ = {isa = PBXFileReference; lastKnownFileType = sourcecode.swift; path = RegionsTableViewCell.swift; sourceTree = "<group>"; };
		C8E7FE2923F19A2B006D1C05 /* RegionsTableViewCell.xib */ = {isa = PBXFileReference; lastKnownFileType = file.xib; path = RegionsTableViewCell.xib; sourceTree = "<group>"; };
		C8E7FE2C23F19F40006D1C05 /* RegionsViewController.swift */ = {isa = PBXFileReference; fileEncoding = 4; lastKnownFileType = sourcecode.swift; path = RegionsViewController.swift; sourceTree = "<group>"; };
		C8E7FE2E23F19F6B006D1C05 /* RegionsViewControllerTableDataSource.swift */ = {isa = PBXFileReference; lastKnownFileType = sourcecode.swift; path = RegionsViewControllerTableDataSource.swift; sourceTree = "<group>"; };
		C8E7FE3023F1A05A006D1C05 /* RegionsViewControllerTableDelegate.swift */ = {isa = PBXFileReference; lastKnownFileType = sourcecode.swift; path = RegionsViewControllerTableDelegate.swift; sourceTree = "<group>"; };
/* End PBXFileReference section */

/* Begin PBXFrameworksBuildPhase section */
		C8DC409B22F6688A007E7151 /* Frameworks */ = {
			isa = PBXFrameworksBuildPhase;
			buildActionMask = 2147483647;
			files = (
				CD785F3AD7942C243533F27D /* Pods_PokemonApp.framework in Frameworks */,
			);
			runOnlyForDeploymentPostprocessing = 0;
		};
/* End PBXFrameworksBuildPhase section */

/* Begin PBXGroup section */
		6F3BD90A1DCB34A1A74CCCDE /* Frameworks */ = {
			isa = PBXGroup;
			children = (
				31CC2C939C0111A10D18D447 /* Pods_PokemonApp.framework */,
			);
			name = Frameworks;
			sourceTree = "<group>";
		};
		71FC182CED26A235B9F61526 /* Pods */ = {
			isa = PBXGroup;
			children = (
				66555221714D0DF10B29FD5E /* Pods-PokemonApp.debug.xcconfig */,
				726B7EA3D593292A0D344A20 /* Pods-PokemonApp.release.xcconfig */,
			);
			path = Pods;
			sourceTree = "<group>";
		};
		C855AABB24B16E280038E69B /* Extensions */ = {
			isa = PBXGroup;
			children = (
				C855AABC24B16E370038E69B /* Extensions.swift */,
			);
			path = Extensions;
			sourceTree = "<group>";
		};
		C88C25DC240AA8A400CFAEA7 /* PokemonDetailViewController */ = {
			isa = PBXGroup;
			children = (
				C88C25DD240AAA9400CFAEA7 /* PokemonDetailViewController.swift */,
			);
			path = PokemonDetailViewController;
			sourceTree = "<group>";
		};
		C8AB51D923F2587700B0EF2E /* PokemonsViewController */ = {
			isa = PBXGroup;
			children = (
				C8044D2024B2555B000C5E55 /* PokemonsViewModel.swift */,
				C8AB51DA23F258BF00B0EF2E /* PokemonsViewController.swift */,
				C8044D2224B27081000C5E55 /* PokemonsViewControllerDelegate.swift */,
				C8D2399323FCEAC7004B409E /* PokemonsViewControllerCollectionDataSource.swift */,
				C8D239A023FE1CFB004B409E /* PokemonsViewController.storyboard */,
			);
			path = PokemonsViewController;
			sourceTree = "<group>";
		};
		C8B32A9F23ECE81000665B98 /* Request */ = {
			isa = PBXGroup;
			children = (
			);
			path = Request;
			sourceTree = "<group>";
		};
		C8B32AA023ECE82600665B98 /* Response */ = {
			isa = PBXGroup;
			children = (
				C8B32AA123ECE84400665B98 /* PokemonResponse.swift */,
				C8044D1824B23706000C5E55 /* RegionsResponseModel.swift */,
				C8044D1C24B25042000C5E55 /* RegionsInfoResponseModel.swift */,
				C8044D1E24B252E9000C5E55 /* PokedexResponseModel.swift */,
			);
			path = Response;
			sourceTree = "<group>";
		};
		C8B892CD23AECB8100C46A69 /* ViewController */ = {
			isa = PBXGroup;
			children = (
				C88C25DC240AA8A400CFAEA7 /* PokemonDetailViewController */,
				C8AB51D923F2587700B0EF2E /* PokemonsViewController */,
				C8E7FE1323EF606F006D1C05 /* RegionsViewController */,
				C8044D2424B2796D000C5E55 /* BaseViewController.swift */,
			);
			path = ViewController;
			sourceTree = "<group>";
		};
		C8B892CE23AECB8900C46A69 /* Views */ = {
			isa = PBXGroup;
			children = (
				C8E7FE2423F199D4006D1C05 /* Cell */,
			);
			path = Views;
			sourceTree = "<group>";
		};
		C8B892CF23AECBBD00C46A69 /* Navigation */ = {
			isa = PBXGroup;
			children = (
				C8E7FE1623EF60FF006D1C05 /* ApplicationCoordinator.swift */,
				C8E7FE1B23EF622D006D1C05 /* WelcomeCoordinator.swift */,
			);
			path = Navigation;
			sourceTree = "<group>";
		};
		C8B892D023AECBCA00C46A69 /* ViewModels */ = {
			isa = PBXGroup;
			children = (
			);
			path = ViewModels;
			sourceTree = "<group>";
		};
		C8B892D123AECBDE00C46A69 /* Models */ = {
			isa = PBXGroup;
			children = (
				C8B32A9F23ECE81000665B98 /* Request */,
				C8B32AA023ECE82600665B98 /* Response */,
			);
			path = Models;
			sourceTree = "<group>";
		};
		C8B892D223AECBED00C46A69 /* Services */ = {
			isa = PBXGroup;
			children = (
				C88C25DA240AA83000CFAEA7 /* PokemonServices.swift */,
			);
			path = Services;
			sourceTree = "<group>";
		};
		C8B892D323AECBF100C46A69 /* Repositories */ = {
			isa = PBXGroup;
			children = (
			);
			path = Repositories;
			sourceTree = "<group>";
		};
		C8B892D423AECC0200C46A69 /* Networking */ = {
			isa = PBXGroup;
			children = (
				C8B6B3FE24B2328C006A3346 /* PokemonsProvider.swift */,
			);
			path = Networking;
			sourceTree = "<group>";
		};
		C8B892D523AECC0F00C46A69 /* Resources */ = {
			isa = PBXGroup;
			children = (
				C8B892DF23AED18200C46A69 /* Assets */,
				C8E7FE1D23EF677E006D1C05 /* L10n.swift */,
				C8E7FE1E23EF677E006D1C05 /* R.swift */,
				C8B892E023AED1A000C46A69 /* Localizable.strings */,
			);
			path = Resources;
			sourceTree = "<group>";
		};
		C8B892D623AECC1700C46A69 /* Library */ = {
			isa = PBXGroup;
			children = (
				C8E7FE2123EF697A006D1C05 /* Extensions */,
				C8B892D723AECE5A00C46A69 /* Utils */,
			);
			path = Library;
			sourceTree = "<group>";
		};
		C8B892D723AECE5A00C46A69 /* Utils */ = {
			isa = PBXGroup;
			children = (
				C855AABB24B16E280038E69B /* Extensions */,
				C8E7FE1823EF61CD006D1C05 /* Protocols */,
				C8B892D823AECE6400C46A69 /* Plugins */,
			);
			path = Utils;
			sourceTree = "<group>";
		};
		C8B892D823AECE6400C46A69 /* Plugins */ = {
			isa = PBXGroup;
			children = (
				C8B892D923AECE7A00C46A69 /* RequestPlugin.swift */,
			);
			path = Plugins;
			sourceTree = "<group>";
		};
		C8B892DF23AED18200C46A69 /* Assets */ = {
			isa = PBXGroup;
			children = (
				C8DC40AA22F6688B007E7151 /* Base.xcassets */,
				C8B892DB23AED14600C46A69 /* Colors.xcassets */,
				C8B892DD23AED16100C46A69 /* Icons.xcassets */,
			);
			path = Assets;
			sourceTree = "<group>";
		};
		C8D2398E23FCE755004B409E /* PokemonsCollectionViewCell */ = {
			isa = PBXGroup;
			children = (
				C8D2398F23FCE784004B409E /* PokemonsCollectionViewCell.swift */,
				C8D2399023FCE784004B409E /* PokemonsCollectionViewCell.xib */,
			);
			path = PokemonsCollectionViewCell;
			sourceTree = "<group>";
		};
		C8DC409522F6688A007E7151 = {
			isa = PBXGroup;
			children = (
				C8DC40A022F6688A007E7151 /* PokemonApp */,
				C8DC409F22F6688A007E7151 /* Products */,
				71FC182CED26A235B9F61526 /* Pods */,
				6F3BD90A1DCB34A1A74CCCDE /* Frameworks */,
			);
			sourceTree = "<group>";
		};
		C8DC409F22F6688A007E7151 /* Products */ = {
			isa = PBXGroup;
			children = (
				C8DC409E22F6688A007E7151 /* PokemonApp.app */,
			);
			name = Products;
			sourceTree = "<group>";
		};
		C8DC40A022F6688A007E7151 /* PokemonApp */ = {
			isa = PBXGroup;
			children = (
				C8B892E623AED43400C46A69 /* K.swift */,
				C8DC40A122F6688A007E7151 /* AppDelegate.swift */,
				C8DC40AC22F6688B007E7151 /* LaunchScreen.storyboard */,
				C8DC40AF22F6688B007E7151 /* Info.plist */,
				C8B892D623AECC1700C46A69 /* Library */,
				C8B892D123AECBDE00C46A69 /* Models */,
				C8B892CF23AECBBD00C46A69 /* Navigation */,
				C8B892D423AECC0200C46A69 /* Networking */,
				C8B892D323AECBF100C46A69 /* Repositories */,
				C8B892D523AECC0F00C46A69 /* Resources */,
				C8B892D223AECBED00C46A69 /* Services */,
				C8B892CD23AECB8100C46A69 /* ViewController */,
				C8B892D023AECBCA00C46A69 /* ViewModels */,
				C8B892CE23AECB8900C46A69 /* Views */,
			);
			path = PokemonApp;
			sourceTree = "<group>";
		};
		C8E7FE1323EF606F006D1C05 /* RegionsViewController */ = {
			isa = PBXGroup;
			children = (
				C8044D1A24B23AF1000C5E55 /* RegionsViewModel.swift */,
				C855AAB924B1403B0038E69B /* RegionsViewDelegate.swift */,
				C8E7FE2C23F19F40006D1C05 /* RegionsViewController.swift */,
				C820A7AF23FCD1A8002EC875 /* RegionsViewControllerDelegate.swift */,
				C8E7FE2E23F19F6B006D1C05 /* RegionsViewControllerTableDataSource.swift */,
				C8E7FE3023F1A05A006D1C05 /* RegionsViewControllerTableDelegate.swift */,
			);
			path = RegionsViewController;
			sourceTree = "<group>";
		};
		C8E7FE1823EF61CD006D1C05 /* Protocols */ = {
			isa = PBXGroup;
			children = (
				C8E7FE1923EF61EB006D1C05 /* Coordinator.swift */,
			);
			path = Protocols;
			sourceTree = "<group>";
		};
		C8E7FE2123EF697A006D1C05 /* Extensions */ = {
			isa = PBXGroup;
			children = (
				C8E7FE2223EF699D006D1C05 /* NSMutableAttributedString+helpers.swift */,
			);
			path = Extensions;
			sourceTree = "<group>";
		};
		C8E7FE2423F199D4006D1C05 /* Cell */ = {
			isa = PBXGroup;
			children = (
				C8D2398E23FCE755004B409E /* PokemonsCollectionViewCell */,
				C8E7FE2523F199E1006D1C05 /* RegionsTableViewCell */,
			);
			path = Cell;
			sourceTree = "<group>";
		};
		C8E7FE2523F199E1006D1C05 /* RegionsTableViewCell */ = {
			isa = PBXGroup;
			children = (
				C8E7FE2823F19A2B006D1C05 /* RegionsTableViewCell.swift */,
				C8E7FE2923F19A2B006D1C05 /* RegionsTableViewCell.xib */,
			);
			path = RegionsTableViewCell;
			sourceTree = "<group>";
		};
/* End PBXGroup section */

/* Begin PBXNativeTarget section */
		C8DC409D22F6688A007E7151 /* PokemonApp */ = {
			isa = PBXNativeTarget;
			buildConfigurationList = C8DC40B222F6688B007E7151 /* Build configuration list for PBXNativeTarget "PokemonApp" */;
			buildPhases = (
				FC8C36430E5090541B38794B /* [CP] Check Pods Manifest.lock */,
				C8DC409A22F6688A007E7151 /* Sources */,
				C8DC409B22F6688A007E7151 /* Frameworks */,
				C8DC409C22F6688A007E7151 /* Resources */,
				F4B1402376B4724B1D8FE18F /* [CP] Embed Pods Frameworks */,
			);
			buildRules = (
			);
			dependencies = (
			);
			name = PokemonApp;
			productName = PokemonApp;
			productReference = C8DC409E22F6688A007E7151 /* PokemonApp.app */;
			productType = "com.apple.product-type.application";
		};
/* End PBXNativeTarget section */

/* Begin PBXProject section */
		C8DC409622F6688A007E7151 /* Project object */ = {
			isa = PBXProject;
			attributes = {
				LastSwiftUpdateCheck = 1030;
				LastUpgradeCheck = 1030;
				ORGANIZATIONNAME = "Byron Chavarría";
				TargetAttributes = {
					C8DC409D22F6688A007E7151 = {
						CreatedOnToolsVersion = 10.3;
					};
				};
			};
			buildConfigurationList = C8DC409922F6688A007E7151 /* Build configuration list for PBXProject "PokemonApp" */;
			compatibilityVersion = "Xcode 9.3";
			developmentRegion = en;
			hasScannedForEncodings = 0;
			knownRegions = (
				en,
				Base,
			);
			mainGroup = C8DC409522F6688A007E7151;
			productRefGroup = C8DC409F22F6688A007E7151 /* Products */;
			projectDirPath = "";
			projectRoot = "";
			targets = (
				C8DC409D22F6688A007E7151 /* PokemonApp */,
			);
		};
/* End PBXProject section */

/* Begin PBXResourcesBuildPhase section */
		C8DC409C22F6688A007E7151 /* Resources */ = {
			isa = PBXResourcesBuildPhase;
			buildActionMask = 2147483647;
			files = (
				C8B892DC23AED14600C46A69 /* Colors.xcassets in Resources */,
				C8D239A123FE1CFB004B409E /* PokemonsViewController.storyboard in Resources */,
				C8E7FE2B23F19A2B006D1C05 /* RegionsTableViewCell.xib in Resources */,
				C8DC40AE22F6688B007E7151 /* LaunchScreen.storyboard in Resources */,
				C8B892DE23AED16100C46A69 /* Icons.xcassets in Resources */,
				C8D2399223FCE784004B409E /* PokemonsCollectionViewCell.xib in Resources */,
				C8DC40AB22F6688B007E7151 /* Base.xcassets in Resources */,
			);
			runOnlyForDeploymentPostprocessing = 0;
		};
/* End PBXResourcesBuildPhase section */

/* Begin PBXShellScriptBuildPhase section */
		F4B1402376B4724B1D8FE18F /* [CP] Embed Pods Frameworks */ = {
			isa = PBXShellScriptBuildPhase;
			buildActionMask = 2147483647;
			files = (
			);
			inputFileListPaths = (
				"${PODS_ROOT}/Target Support Files/Pods-PokemonApp/Pods-PokemonApp-frameworks-${CONFIGURATION}-input-files.xcfilelist",
			);
			name = "[CP] Embed Pods Frameworks";
			outputFileListPaths = (
				"${PODS_ROOT}/Target Support Files/Pods-PokemonApp/Pods-PokemonApp-frameworks-${CONFIGURATION}-output-files.xcfilelist",
			);
			runOnlyForDeploymentPostprocessing = 0;
			shellPath = /bin/sh;
			shellScript = "\"${PODS_ROOT}/Target Support Files/Pods-PokemonApp/Pods-PokemonApp-frameworks.sh\"\n";
			showEnvVarsInLog = 0;
		};
		FC8C36430E5090541B38794B /* [CP] Check Pods Manifest.lock */ = {
			isa = PBXShellScriptBuildPhase;
			buildActionMask = 2147483647;
			files = (
			);
			inputFileListPaths = (
			);
			inputPaths = (
				"${PODS_PODFILE_DIR_PATH}/Podfile.lock",
				"${PODS_ROOT}/Manifest.lock",
			);
			name = "[CP] Check Pods Manifest.lock";
			outputFileListPaths = (
			);
			outputPaths = (
				"$(DERIVED_FILE_DIR)/Pods-PokemonApp-checkManifestLockResult.txt",
			);
			runOnlyForDeploymentPostprocessing = 0;
			shellPath = /bin/sh;
			shellScript = "diff \"${PODS_PODFILE_DIR_PATH}/Podfile.lock\" \"${PODS_ROOT}/Manifest.lock\" > /dev/null\nif [ $? != 0 ] ; then\n    # print error to STDERR\n    echo \"error: The sandbox is not in sync with the Podfile.lock. Run 'pod install' or update your CocoaPods installation.\" >&2\n    exit 1\nfi\n# This output is used by Xcode 'outputs' to avoid re-running this script phase.\necho \"SUCCESS\" > \"${SCRIPT_OUTPUT_FILE_0}\"\n";
			showEnvVarsInLog = 0;
		};
/* End PBXShellScriptBuildPhase section */

/* Begin PBXSourcesBuildPhase section */
		C8DC409A22F6688A007E7151 /* Sources */ = {
			isa = PBXSourcesBuildPhase;
			buildActionMask = 2147483647;
			files = (
				C8B892DA23AECE7A00C46A69 /* RequestPlugin.swift in Sources */,
				C8E7FE1A23EF61EB006D1C05 /* Coordinator.swift in Sources */,
				C8D2399423FCEAC7004B409E /* PokemonsViewControllerCollectionDataSource.swift in Sources */,
				C8D2399123FCE784004B409E /* PokemonsCollectionViewCell.swift in Sources */,
				C8044D1924B23706000C5E55 /* RegionsResponseModel.swift in Sources */,
				C8044D1B24B23AF1000C5E55 /* RegionsViewModel.swift in Sources */,
				C8AB51DB23F258BF00B0EF2E /* PokemonsViewController.swift in Sources */,
				C8E7FE3123F1A05A006D1C05 /* RegionsViewControllerTableDelegate.swift in Sources */,
				C88C25DB240AA83000CFAEA7 /* PokemonServices.swift in Sources */,
				C820A7B023FCD1A8002EC875 /* RegionsViewControllerDelegate.swift in Sources */,
				C8E7FE2323EF699D006D1C05 /* NSMutableAttributedString+helpers.swift in Sources */,
				C8E7FE2A23F19A2B006D1C05 /* RegionsTableViewCell.swift in Sources */,
				C8B6B3FF24B2328C006A3346 /* PokemonsProvider.swift in Sources */,
				C8044D2524B2796D000C5E55 /* BaseViewController.swift in Sources */,
				C8B892E123AED1A000C46A69 /* Localizable.strings in Sources */,
				C8E7FE1F23EF677E006D1C05 /* L10n.swift in Sources */,
				C8E7FE1C23EF622D006D1C05 /* WelcomeCoordinator.swift in Sources */,
				C8044D1D24B25042000C5E55 /* RegionsInfoResponseModel.swift in Sources */,
				C8044D2324B27081000C5E55 /* PokemonsViewControllerDelegate.swift in Sources */,
				C8B892E723AED43400C46A69 /* K.swift in Sources */,
				C8044D2124B2555B000C5E55 /* PokemonsViewModel.swift in Sources */,
				C8E7FE1723EF60FF006D1C05 /* ApplicationCoordinator.swift in Sources */,
				C855AABA24B1403B0038E69B /* RegionsViewDelegate.swift in Sources */,
				C88C25DE240AAA9400CFAEA7 /* PokemonDetailViewController.swift in Sources */,
				C8B32AA223ECE84400665B98 /* PokemonResponse.swift in Sources */,
				C8DC40A222F6688A007E7151 /* AppDelegate.swift in Sources */,
				C855AABD24B16E370038E69B /* Extensions.swift in Sources */,
				C8E7FE2D23F19F40006D1C05 /* RegionsViewController.swift in Sources */,
				C8E7FE2F23F19F6B006D1C05 /* RegionsViewControllerTableDataSource.swift in Sources */,
				C8E7FE2023EF677E006D1C05 /* R.swift in Sources */,
				C8044D1F24B252E9000C5E55 /* PokedexResponseModel.swift in Sources */,
			);
			runOnlyForDeploymentPostprocessing = 0;
		};
/* End PBXSourcesBuildPhase section */

/* Begin PBXVariantGroup section */
		C8DC40AC22F6688B007E7151 /* LaunchScreen.storyboard */ = {
			isa = PBXVariantGroup;
			children = (
				C8DC40AD22F6688B007E7151 /* Base */,
			);
			name = LaunchScreen.storyboard;
			sourceTree = "<group>";
		};
/* End PBXVariantGroup section */

/* Begin XCBuildConfiguration section */
		C8DC40B022F6688B007E7151 /* Debug */ = {
			isa = XCBuildConfiguration;
			buildSettings = {
				ALWAYS_SEARCH_USER_PATHS = NO;
				CLANG_ANALYZER_NONNULL = YES;
				CLANG_ANALYZER_NUMBER_OBJECT_CONVERSION = YES_AGGRESSIVE;
				CLANG_CXX_LANGUAGE_STANDARD = "gnu++14";
				CLANG_CXX_LIBRARY = "libc++";
				CLANG_ENABLE_MODULES = YES;
				CLANG_ENABLE_OBJC_ARC = YES;
				CLANG_ENABLE_OBJC_WEAK = YES;
				CLANG_WARN_BLOCK_CAPTURE_AUTORELEASING = YES;
				CLANG_WARN_BOOL_CONVERSION = YES;
				CLANG_WARN_COMMA = YES;
				CLANG_WARN_CONSTANT_CONVERSION = YES;
				CLANG_WARN_DEPRECATED_OBJC_IMPLEMENTATIONS = YES;
				CLANG_WARN_DIRECT_OBJC_ISA_USAGE = YES_ERROR;
				CLANG_WARN_DOCUMENTATION_COMMENTS = YES;
				CLANG_WARN_EMPTY_BODY = YES;
				CLANG_WARN_ENUM_CONVERSION = YES;
				CLANG_WARN_INFINITE_RECURSION = YES;
				CLANG_WARN_INT_CONVERSION = YES;
				CLANG_WARN_NON_LITERAL_NULL_CONVERSION = YES;
				CLANG_WARN_OBJC_IMPLICIT_RETAIN_SELF = YES;
				CLANG_WARN_OBJC_LITERAL_CONVERSION = YES;
				CLANG_WARN_OBJC_ROOT_CLASS = YES_ERROR;
				CLANG_WARN_RANGE_LOOP_ANALYSIS = YES;
				CLANG_WARN_STRICT_PROTOTYPES = YES;
				CLANG_WARN_SUSPICIOUS_MOVE = YES;
				CLANG_WARN_UNGUARDED_AVAILABILITY = YES_AGGRESSIVE;
				CLANG_WARN_UNREACHABLE_CODE = YES;
				CLANG_WARN__DUPLICATE_METHOD_MATCH = YES;
				CODE_SIGN_IDENTITY = "iPhone Developer";
				COPY_PHASE_STRIP = NO;
				DEBUG_INFORMATION_FORMAT = dwarf;
				ENABLE_STRICT_OBJC_MSGSEND = YES;
				ENABLE_TESTABILITY = YES;
				GCC_C_LANGUAGE_STANDARD = gnu11;
				GCC_DYNAMIC_NO_PIC = NO;
				GCC_NO_COMMON_BLOCKS = YES;
				GCC_OPTIMIZATION_LEVEL = 0;
				GCC_PREPROCESSOR_DEFINITIONS = (
					"DEBUG=1",
					"$(inherited)",
				);
				GCC_WARN_64_TO_32_BIT_CONVERSION = YES;
				GCC_WARN_ABOUT_RETURN_TYPE = YES_ERROR;
				GCC_WARN_UNDECLARED_SELECTOR = YES;
				GCC_WARN_UNINITIALIZED_AUTOS = YES_AGGRESSIVE;
				GCC_WARN_UNUSED_FUNCTION = YES;
				GCC_WARN_UNUSED_VARIABLE = YES;
				IPHONEOS_DEPLOYMENT_TARGET = 12.4;
				MTL_ENABLE_DEBUG_INFO = INCLUDE_SOURCE;
				MTL_FAST_MATH = YES;
				ONLY_ACTIVE_ARCH = YES;
				SDKROOT = iphoneos;
				SWIFT_ACTIVE_COMPILATION_CONDITIONS = DEBUG;
				SWIFT_OPTIMIZATION_LEVEL = "-Onone";
			};
			name = Debug;
		};
		C8DC40B122F6688B007E7151 /* Release */ = {
			isa = XCBuildConfiguration;
			buildSettings = {
				ALWAYS_SEARCH_USER_PATHS = NO;
				CLANG_ANALYZER_NONNULL = YES;
				CLANG_ANALYZER_NUMBER_OBJECT_CONVERSION = YES_AGGRESSIVE;
				CLANG_CXX_LANGUAGE_STANDARD = "gnu++14";
				CLANG_CXX_LIBRARY = "libc++";
				CLANG_ENABLE_MODULES = YES;
				CLANG_ENABLE_OBJC_ARC = YES;
				CLANG_ENABLE_OBJC_WEAK = YES;
				CLANG_WARN_BLOCK_CAPTURE_AUTORELEASING = YES;
				CLANG_WARN_BOOL_CONVERSION = YES;
				CLANG_WARN_COMMA = YES;
				CLANG_WARN_CONSTANT_CONVERSION = YES;
				CLANG_WARN_DEPRECATED_OBJC_IMPLEMENTATIONS = YES;
				CLANG_WARN_DIRECT_OBJC_ISA_USAGE = YES_ERROR;
				CLANG_WARN_DOCUMENTATION_COMMENTS = YES;
				CLANG_WARN_EMPTY_BODY = YES;
				CLANG_WARN_ENUM_CONVERSION = YES;
				CLANG_WARN_INFINITE_RECURSION = YES;
				CLANG_WARN_INT_CONVERSION = YES;
				CLANG_WARN_NON_LITERAL_NULL_CONVERSION = YES;
				CLANG_WARN_OBJC_IMPLICIT_RETAIN_SELF = YES;
				CLANG_WARN_OBJC_LITERAL_CONVERSION = YES;
				CLANG_WARN_OBJC_ROOT_CLASS = YES_ERROR;
				CLANG_WARN_RANGE_LOOP_ANALYSIS = YES;
				CLANG_WARN_STRICT_PROTOTYPES = YES;
				CLANG_WARN_SUSPICIOUS_MOVE = YES;
				CLANG_WARN_UNGUARDED_AVAILABILITY = YES_AGGRESSIVE;
				CLANG_WARN_UNREACHABLE_CODE = YES;
				CLANG_WARN__DUPLICATE_METHOD_MATCH = YES;
				CODE_SIGN_IDENTITY = "iPhone Developer";
				COPY_PHASE_STRIP = NO;
				DEBUG_INFORMATION_FORMAT = "dwarf-with-dsym";
				ENABLE_NS_ASSERTIONS = NO;
				ENABLE_STRICT_OBJC_MSGSEND = YES;
				GCC_C_LANGUAGE_STANDARD = gnu11;
				GCC_NO_COMMON_BLOCKS = YES;
				GCC_WARN_64_TO_32_BIT_CONVERSION = YES;
				GCC_WARN_ABOUT_RETURN_TYPE = YES_ERROR;
				GCC_WARN_UNDECLARED_SELECTOR = YES;
				GCC_WARN_UNINITIALIZED_AUTOS = YES_AGGRESSIVE;
				GCC_WARN_UNUSED_FUNCTION = YES;
				GCC_WARN_UNUSED_VARIABLE = YES;
				IPHONEOS_DEPLOYMENT_TARGET = 12.4;
				MTL_ENABLE_DEBUG_INFO = NO;
				MTL_FAST_MATH = YES;
				SDKROOT = iphoneos;
				SWIFT_COMPILATION_MODE = wholemodule;
				SWIFT_OPTIMIZATION_LEVEL = "-O";
				VALIDATE_PRODUCT = YES;
			};
			name = Release;
		};
		C8DC40B322F6688B007E7151 /* Debug */ = {
			isa = XCBuildConfiguration;
			baseConfigurationReference = 66555221714D0DF10B29FD5E /* Pods-PokemonApp.debug.xcconfig */;
			buildSettings = {
				ASSETCATALOG_COMPILER_APPICON_NAME = AppIcon;
				CODE_SIGN_STYLE = Automatic;
				DEVELOPMENT_TEAM = WTGZA5G9KG;
				INFOPLIST_FILE = PokemonApp/Info.plist;
				LD_RUNPATH_SEARCH_PATHS = (
					"$(inherited)",
					"@executable_path/Frameworks",
				);
				MARKETING_VERSION = 1.1;
				PRODUCT_BUNDLE_IDENTIFIER = bch.PokemonApp;
				PRODUCT_NAME = "$(TARGET_NAME)";
				SWIFT_VERSION = 5.0;
				TARGETED_DEVICE_FAMILY = 1;
			};
			name = Debug;
		};
		C8DC40B422F6688B007E7151 /* Release */ = {
			isa = XCBuildConfiguration;
			baseConfigurationReference = 726B7EA3D593292A0D344A20 /* Pods-PokemonApp.release.xcconfig */;
			buildSettings = {
				ASSETCATALOG_COMPILER_APPICON_NAME = AppIcon;
				CODE_SIGN_STYLE = Automatic;
				DEVELOPMENT_TEAM = WTGZA5G9KG;
				INFOPLIST_FILE = PokemonApp/Info.plist;
				LD_RUNPATH_SEARCH_PATHS = (
					"$(inherited)",
					"@executable_path/Frameworks",
				);
				MARKETING_VERSION = 1.1;
				PRODUCT_BUNDLE_IDENTIFIER = bch.PokemonApp;
				PRODUCT_NAME = "$(TARGET_NAME)";
				SWIFT_VERSION = 5.0;
				TARGETED_DEVICE_FAMILY = 1;
			};
			name = Release;
		};
/* End XCBuildConfiguration section */

/* Begin XCConfigurationList section */
		C8DC409922F6688A007E7151 /* Build configuration list for PBXProject "PokemonApp" */ = {
			isa = XCConfigurationList;
			buildConfigurations = (
				C8DC40B022F6688B007E7151 /* Debug */,
				C8DC40B122F6688B007E7151 /* Release */,
			);
			defaultConfigurationIsVisible = 0;
			defaultConfigurationName = Release;
		};
		C8DC40B222F6688B007E7151 /* Build configuration list for PBXNativeTarget "PokemonApp" */ = {
			isa = XCConfigurationList;
			buildConfigurations = (
				C8DC40B322F6688B007E7151 /* Debug */,
				C8DC40B422F6688B007E7151 /* Release */,
			);
			defaultConfigurationIsVisible = 0;
			defaultConfigurationName = Release;
		};
/* End XCConfigurationList section */
	};
	rootObject = C8DC409622F6688A007E7151 /* Project object */;
}
